
Microsoft Visual Studio Solution File, Format Version 12.00
# Visual Studio Version 17
VisualStudioVersion = 17.8.34330.188
MinimumVisualStudioVersion = 10.0.40219.1
Project("{9A19103F-16F7-4668-BE54-9A1E7A4F7556}") = "CurrencyConverterProject", "CurrencyConverterProject\CurrencyConverterProject.csproj", "{09CBA9F6-A9A8-4CF2-9546-C41D29FE5F7F}"
EndProject
Global
	GlobalSection(SolutionConfigurationPlatforms) = preSolution
		Debug|Any CPU = Debug|Any CPU
		Release|Any CPU = Release|Any CPU
	EndGlobalSection
	GlobalSection(ProjectConfigurationPlatforms) = postSolution
		{09CBA9F6-A9A8-4CF2-9546-C41D29FE5F7F}.Debug|Any CPU.ActiveCfg = Debug|Any CPU
		{09CBA9F6-A9A8-4CF2-9546-C41D29FE5F7F}.Debug|Any CPU.Build.0 = Debug|Any CPU
		{09CBA9F6-A9A8-4CF2-9546-C41D29FE5F7F}.Release|Any CPU.ActiveCfg = Release|Any CPU
		{09CBA9F6-A9A8-4CF2-9546-C41D29FE5F7F}.Release|Any CPU.Build.0 = Release|Any CPU
	EndGlobalSection
	GlobalSection(SolutionProperties) = preSolution
		HideSolutionNode = FALSE
	EndGlobalSection
	GlobalSection(ExtensibilityGlobals) = postSolution
		SolutionGuid = {2D3C3C59-A6B7-422C-8315-F4A93F17020C}
	EndGlobalSection
EndGlobal
